
Microsoft Visual Studio Solution File, Format Version 12.00
Project("{FAE04EC0-301F-11D3-BF4B-00C04F79EFBC}") = "VirtualNetworkAdapterExample", "VirtualNetworkAdapterExample\VirtualNetworkAdapterExample.csproj", "{B9B70CE6-2BAA-475B-A7FC-85E51C2DFB61}"
EndProject
Global
	GlobalSection(SolutionConfigurationPlatforms) = preSolution
		Debug|Any CPU = Debug|Any CPU
		Release|Any CPU = Release|Any CPU
	EndGlobalSection
	GlobalSection(ProjectConfigurationPlatforms) = postSolution
		{B9B70CE6-2BAA-475B-A7FC-85E51C2DFB61}.Debug|Any CPU.ActiveCfg = Debug|Any CPU
		{B9B70CE6-2BAA-475B-A7FC-85E51C2DFB61}.Debug|Any CPU.Build.0 = Debug|Any CPU
		{B9B70CE6-2BAA-475B-A7FC-85E51C2DFB61}.Release|Any CPU.ActiveCfg = Release|Any CPU
		{B9B70CE6-2BAA-475B-A7FC-85E51C2DFB61}.Release|Any CPU.Build.0 = Release|Any CPU
	EndGlobalSection
EndGlobal
